
Microsoft Visual Studio Solution File, Format Version 12.00
# Visual Studio 2013
VisualStudioVersion = 12.0.30626.0
MinimumVisualStudioVersion = 10.0.40219.1
Project("{FAE04EC0-301F-11D3-BF4B-00C04F79EFBC}") = "3dhubs", "3dhubs.csproj", "{2ED8B254-97E5-4CF1-AB45-17DC1C1BDF33}"
EndProject
Global
	GlobalSection(SolutionConfigurationPlatforms) = preSolution
		Debug32|Any CPU = Debug32|Any CPU
		Debug64|Any CPU = Debug64|Any CPU
		Release|Any CPU = Release|Any CPU
	EndGlobalSection
	GlobalSection(ProjectConfigurationPlatforms) = postSolution
		{2ED8B254-97E5-4CF1-AB45-17DC1C1BDF33}.Debug32|Any CPU.ActiveCfg = Debug32|Any CPU
		{2ED8B254-97E5-4CF1-AB45-17DC1C1BDF33}.Debug32|Any CPU.Build.0 = Debug32|Any CPU
		{2ED8B254-97E5-4CF1-AB45-17DC1C1BDF33}.Debug64|Any CPU.ActiveCfg = Debug64|Any CPU
		{2ED8B254-97E5-4CF1-AB45-17DC1C1BDF33}.Debug64|Any CPU.Build.0 = Debug64|Any CPU
		{2ED8B254-97E5-4CF1-AB45-17DC1C1BDF33}.Release|Any CPU.ActiveCfg = Release|Any CPU
		{2ED8B254-97E5-4CF1-AB45-17DC1C1BDF33}.Release|Any CPU.Build.0 = Release|Any CPU
	EndGlobalSection
	GlobalSection(SolutionProperties) = preSolution
		HideSolutionNode = FALSE
	EndGlobalSection
EndGlobal
